
Microsoft Visual Studio Solution File, Format Version 12.00
# Visual Studio Version 16
VisualStudioVersion = 16.0.32413.511
MinimumVisualStudioVersion = 10.0.40219.1
Project("{8BC9CEB8-8B4A-11D0-8D11-00A0C91BC942}") = "CAY", "CAY.vcxproj", "{B791CB65-186F-46F5-884A-2C7179B28939}"
EndProject
Project("{8BC9CEB8-8B4A-11D0-8D11-00A0C91BC942}") = "bai-1-BST", "..\bai-1-BST\bai-1-BST.vcxproj", "{60F2F134-4AE6-46F7-928B-DFF15F03949B}"
EndProject
Global
	GlobalSection(SolutionConfigurationPlatforms) = preSolution
		Debug|x64 = Debug|x64
		Debug|x86 = Debug|x86
		Release|x64 = Release|x64
		Release|x86 = Release|x86
	EndGlobalSection
	GlobalSection(ProjectConfigurationPlatforms) = postSolution
		{B791CB65-186F-46F5-884A-2C7179B28939}.Debug|x64.ActiveCfg = Debug|x64
		{B791CB65-186F-46F5-884A-2C7179B28939}.Debug|x64.Build.0 = Debug|x64
		{B791CB65-186F-46F5-884A-2C7179B28939}.Debug|x86.ActiveCfg = Debug|Win32
		{B791CB65-186F-46F5-884A-2C7179B28939}.Debug|x86.Build.0 = Debug|Win32
		{B791CB65-186F-46F5-884A-2C7179B28939}.Release|x64.ActiveCfg = Release|x64
		{B791CB65-186F-46F5-884A-2C7179B28939}.Release|x64.Build.0 = Release|x64
		{B791CB65-186F-46F5-884A-2C7179B28939}.Release|x86.ActiveCfg = Release|Win32
		{B791CB65-186F-46F5-884A-2C7179B28939}.Release|x86.Build.0 = Release|Win32
		{60F2F134-4AE6-46F7-928B-DFF15F03949B}.Debug|x64.ActiveCfg = Debug|x64
		{60F2F134-4AE6-46F7-928B-DFF15F03949B}.Debug|x64.Build.0 = Debug|x64
		{60F2F134-4AE6-46F7-928B-DFF15F03949B}.Debug|x86.ActiveCfg = Debug|Win32
		{60F2F134-4AE6-46F7-928B-DFF15F03949B}.Debug|x86.Build.0 = Debug|Win32
		{60F2F134-4AE6-46F7-928B-DFF15F03949B}.Release|x64.ActiveCfg = Release|x64
		{60F2F134-4AE6-46F7-928B-DFF15F03949B}.Release|x64.Build.0 = Release|x64
		{60F2F134-4AE6-46F7-928B-DFF15F03949B}.Release|x86.ActiveCfg = Release|Win32
		{60F2F134-4AE6-46F7-928B-DFF15F03949B}.Release|x86.Build.0 = Release|Win32
	EndGlobalSection
	GlobalSection(SolutionProperties) = preSolution
		HideSolutionNode = FALSE
	EndGlobalSection
	GlobalSection(ExtensibilityGlobals) = postSolution
		SolutionGuid = {476FBE6B-EB3C-498D-A80E-85C71CFB3647}
	EndGlobalSection
EndGlobal
